
Microsoft Visual Studio Solution File, Format Version 9.00
# Visual Studio 2005
Project("{FAE04EC0-301F-11D3-BF4B-00C04F79EFBC}") = "WinFXXAMLBrowserApplication1", "WinFXXAMLBrowserApplication1\WinFXXAMLBrowserApplication1.csproj", "{1A7490A2-3356-4F1D-AAAA-8ED410597122}"
EndProject
Project("{54435603-DBB4-11D2-8724-00A0C9A8B90C}") = "WebSetup1", "WebSetup1\WebSetup1.vdproj", "{133F1C84-723A-4E51-9CC7-07E9C0DA2FA7}"
EndProject
Global
	GlobalSection(SolutionConfigurationPlatforms) = preSolution
		Debug|Any CPU = Debug|Any CPU
		Release|Any CPU = Release|Any CPU
	EndGlobalSection
	GlobalSection(ProjectConfigurationPlatforms) = postSolution
		{1A7490A2-3356-4F1D-AAAA-8ED410597122}.Debug|Any CPU.ActiveCfg = Debug|Any CPU
		{1A7490A2-3356-4F1D-AAAA-8ED410597122}.Debug|Any CPU.Build.0 = Debug|Any CPU
		{1A7490A2-3356-4F1D-AAAA-8ED410597122}.Release|Any CPU.ActiveCfg = Release|Any CPU
		{1A7490A2-3356-4F1D-AAAA-8ED410597122}.Release|Any CPU.Build.0 = Release|Any CPU
		{133F1C84-723A-4E51-9CC7-07E9C0DA2FA7}.Debug|Any CPU.ActiveCfg = Debug
		{133F1C84-723A-4E51-9CC7-07E9C0DA2FA7}.Release|Any CPU.ActiveCfg = Release
	EndGlobalSection
	GlobalSection(SolutionProperties) = preSolution
		HideSolutionNode = FALSE
	EndGlobalSection
EndGlobal
