
Microsoft Visual Studio Solution File, Format Version 9.00
# Visual Studio 2005
Project("{FAE04EC0-301F-11D3-BF4B-00C04F79EFBC}") = "measureclient", "measureclient\measureclient.csproj", "{206654A3-4D73-430B-8C17-2CFC0D649383}"
EndProject
Global
	GlobalSection(SolutionConfigurationPlatforms) = preSolution
		Debug|Any CPU = Debug|Any CPU
		Release|Any CPU = Release|Any CPU
	EndGlobalSection
	GlobalSection(ProjectConfigurationPlatforms) = postSolution
		{206654A3-4D73-430B-8C17-2CFC0D649383}.Debug|Any CPU.ActiveCfg = Debug|Any CPU
		{206654A3-4D73-430B-8C17-2CFC0D649383}.Debug|Any CPU.Build.0 = Debug|Any CPU
		{206654A3-4D73-430B-8C17-2CFC0D649383}.Release|Any CPU.ActiveCfg = Release|Any CPU
		{206654A3-4D73-430B-8C17-2CFC0D649383}.Release|Any CPU.Build.0 = Release|Any CPU
	EndGlobalSection
	GlobalSection(SolutionProperties) = preSolution
		HideSolutionNode = FALSE
	EndGlobalSection
EndGlobal
